{
  "requires": true,
  "lockfileVersion": 1,
  "dependencies": {
    "abstract-nested-router": {
      "version": "0.1.13",
      "resolved": "https://registry.npmjs.org/abstract-nested-router/-/abstract-nested-router-0.1.13.tgz",
      "integrity": "sha512-F0yCSlxoNxa4n9RnFvg5lJmSSFSxb0E7csRCPEsFugl8o3c39hFGg4Ksx+9vXJNeXpFJoqBedJYQvc9KkIp0lw=="
    },
    "svero": {
      "version": "1.0.0",
      "resolved": "https://registry.npmjs.org/svero/-/svero-1.0.0.tgz",
      "integrity": "sha512-vZJTunLdBGKrvYBGEj2VZTWTIl8RU7nZ70ycPuRVhTfwkXrwUkjnfMtyLnz/qSyV349rP/wG3SCHuj55UdqvZA==",
      "requires": {
        "abstract-nested-router": "^0.1.3"
      }
    }
  }
}
